
Microsoft Visual Studio Solution File, Format Version 12.00
# Visual Studio Version 16
VisualStudioVersion = 16.0.28803.352
MinimumVisualStudioVersion = 10.0.40219.1
Project("{FAE04EC0-301F-11D3-BF4B-00C04F79EFBC}") = "WarOfWesteros", "WarOfWesteros\WarOfWesteros.csproj", "{6084884A-0C8A-4945-809D-224A737CA469}"
EndProject
Global
	GlobalSection(SolutionConfigurationPlatforms) = preSolution
		Debug|Any CPU = Debug|Any CPU
		Release|Any CPU = Release|Any CPU
	EndGlobalSection
	GlobalSection(ProjectConfigurationPlatforms) = postSolution
		{6084884A-0C8A-4945-809D-224A737CA469}.Debug|Any CPU.ActiveCfg = Debug|Any CPU
		{6084884A-0C8A-4945-809D-224A737CA469}.Debug|Any CPU.Build.0 = Debug|Any CPU
		{6084884A-0C8A-4945-809D-224A737CA469}.Release|Any CPU.ActiveCfg = Release|Any CPU
		{6084884A-0C8A-4945-809D-224A737CA469}.Release|Any CPU.Build.0 = Release|Any CPU
	EndGlobalSection
	GlobalSection(SolutionProperties) = preSolution
		HideSolutionNode = FALSE
	EndGlobalSection
	GlobalSection(ExtensibilityGlobals) = postSolution
		SolutionGuid = {1D9C8F7A-84BF-4D8B-86C9-2546C877625C}
	EndGlobalSection
EndGlobal
